
Microsoft Visual Studio Solution File, Format Version 12.00
# Visual Studio Version 17
VisualStudioVersion = 17.0.31903.59
MinimumVisualStudioVersion = 10.0.40219.1
Project("{2150E333-8FDC-42A3-9474-1A3956D46DE8}") = "src", "src", "{827E0CD3-B72D-47B6-A68D-7590B98EB39B}"
EndProject
Project("{FAE04EC0-301F-11D3-BF4B-00C04F79EFBC}") = "FlightManagement.Domain", "src\FlightManagement.Domain\FlightManagement.Domain.csproj", "{C55E5D78-F0E8-467F-BBD0-030C653CB5F6}"
EndProject
Project("{FAE04EC0-301F-11D3-BF4B-00C04F79EFBC}") = "FlightManagement.Application", "src\FlightManagement.Application\FlightManagement.Application.csproj", "{C64914C2-1F24-4438-85E7-43BFC04F762D}"
EndProject
Project("{FAE04EC0-301F-11D3-BF4B-00C04F79EFBC}") = "FlightManagement.Infrastructure", "src\FlightManagement.Infrastructure\FlightManagement.Infrastructure.csproj", "{4EB31F4D-8B8B-4E5A-AF60-F8342E8BE71F}"
EndProject
Project("{FAE04EC0-301F-11D3-BF4B-00C04F79EFBC}") = "FlightManagement.API", "src\FlightManagement.API\FlightManagement.API.csproj", "{991794FC-63EA-4485-8257-742953DA9C5F}"
EndProject
Project("{FAE04EC0-301F-11D3-BF4B-00C04F79EFBC}") = "FlightManagement.Notifications", "src\FlightManagement.Notifications\FlightManagement.Notifications.csproj", "{9F611A8C-6F92-44C0-B87C-1C57EE4D69E3}"
EndProject
Global
	GlobalSection(SolutionConfigurationPlatforms) = preSolution
		Debug|Any CPU = Debug|Any CPU
		Debug|x64 = Debug|x64
		Debug|x86 = Debug|x86
		Release|Any CPU = Release|Any CPU
		Release|x64 = Release|x64
		Release|x86 = Release|x86
	EndGlobalSection
	GlobalSection(ProjectConfigurationPlatforms) = postSolution
		{C55E5D78-F0E8-467F-BBD0-030C653CB5F6}.Debug|Any CPU.ActiveCfg = Debug|Any CPU
		{C55E5D78-F0E8-467F-BBD0-030C653CB5F6}.Debug|Any CPU.Build.0 = Debug|Any CPU
		{C55E5D78-F0E8-467F-BBD0-030C653CB5F6}.Debug|x64.ActiveCfg = Debug|Any CPU
		{C55E5D78-F0E8-467F-BBD0-030C653CB5F6}.Debug|x64.Build.0 = Debug|Any CPU
		{C55E5D78-F0E8-467F-BBD0-030C653CB5F6}.Debug|x86.ActiveCfg = Debug|Any CPU
		{C55E5D78-F0E8-467F-BBD0-030C653CB5F6}.Debug|x86.Build.0 = Debug|Any CPU
		{C55E5D78-F0E8-467F-BBD0-030C653CB5F6}.Release|Any CPU.ActiveCfg = Release|Any CPU
		{C55E5D78-F0E8-467F-BBD0-030C653CB5F6}.Release|Any CPU.Build.0 = Release|Any CPU
		{C55E5D78-F0E8-467F-BBD0-030C653CB5F6}.Release|x64.ActiveCfg = Release|Any CPU
		{C55E5D78-F0E8-467F-BBD0-030C653CB5F6}.Release|x64.Build.0 = Release|Any CPU
		{C55E5D78-F0E8-467F-BBD0-030C653CB5F6}.Release|x86.ActiveCfg = Release|Any CPU
		{C55E5D78-F0E8-467F-BBD0-030C653CB5F6}.Release|x86.Build.0 = Release|Any CPU
		{C64914C2-1F24-4438-85E7-43BFC04F762D}.Debug|Any CPU.ActiveCfg = Debug|Any CPU
		{C64914C2-1F24-4438-85E7-43BFC04F762D}.Debug|Any CPU.Build.0 = Debug|Any CPU
		{C64914C2-1F24-4438-85E7-43BFC04F762D}.Debug|x64.ActiveCfg = Debug|Any CPU
		{C64914C2-1F24-4438-85E7-43BFC04F762D}.Debug|x64.Build.0 = Debug|Any CPU
		{C64914C2-1F24-4438-85E7-43BFC04F762D}.Debug|x86.ActiveCfg = Debug|Any CPU
		{C64914C2-1F24-4438-85E7-43BFC04F762D}.Debug|x86.Build.0 = Debug|Any CPU
		{C64914C2-1F24-4438-85E7-43BFC04F762D}.Release|Any CPU.ActiveCfg = Release|Any CPU
		{C64914C2-1F24-4438-85E7-43BFC04F762D}.Release|Any CPU.Build.0 = Release|Any CPU
		{C64914C2-1F24-4438-85E7-43BFC04F762D}.Release|x64.ActiveCfg = Release|Any CPU
		{C64914C2-1F24-4438-85E7-43BFC04F762D}.Release|x64.Build.0 = Release|Any CPU
		{C64914C2-1F24-4438-85E7-43BFC04F762D}.Release|x86.ActiveCfg = Release|Any CPU
		{C64914C2-1F24-4438-85E7-43BFC04F762D}.Release|x86.Build.0 = Release|Any CPU
		{4EB31F4D-8B8B-4E5A-AF60-F8342E8BE71F}.Debug|Any CPU.ActiveCfg = Debug|Any CPU
		{4EB31F4D-8B8B-4E5A-AF60-F8342E8BE71F}.Debug|Any CPU.Build.0 = Debug|Any CPU
		{4EB31F4D-8B8B-4E5A-AF60-F8342E8BE71F}.Debug|x64.ActiveCfg = Debug|Any CPU
		{4EB31F4D-8B8B-4E5A-AF60-F8342E8BE71F}.Debug|x64.Build.0 = Debug|Any CPU
		{4EB31F4D-8B8B-4E5A-AF60-F8342E8BE71F}.Debug|x86.ActiveCfg = Debug|Any CPU
		{4EB31F4D-8B8B-4E5A-AF60-F8342E8BE71F}.Debug|x86.Build.0 = Debug|Any CPU
		{4EB31F4D-8B8B-4E5A-AF60-F8342E8BE71F}.Release|Any CPU.ActiveCfg = Release|Any CPU
		{4EB31F4D-8B8B-4E5A-AF60-F8342E8BE71F}.Release|Any CPU.Build.0 = Release|Any CPU
		{4EB31F4D-8B8B-4E5A-AF60-F8342E8BE71F}.Release|x64.ActiveCfg = Release|Any CPU
		{4EB31F4D-8B8B-4E5A-AF60-F8342E8BE71F}.Release|x64.Build.0 = Release|Any CPU
		{4EB31F4D-8B8B-4E5A-AF60-F8342E8BE71F}.Release|x86.ActiveCfg = Release|Any CPU
		{4EB31F4D-8B8B-4E5A-AF60-F8342E8BE71F}.Release|x86.Build.0 = Release|Any CPU
		{991794FC-63EA-4485-8257-742953DA9C5F}.Debug|Any CPU.ActiveCfg = Debug|Any CPU
		{991794FC-63EA-4485-8257-742953DA9C5F}.Debug|Any CPU.Build.0 = Debug|Any CPU
		{991794FC-63EA-4485-8257-742953DA9C5F}.Debug|x64.ActiveCfg = Debug|Any CPU
		{991794FC-63EA-4485-8257-742953DA9C5F}.Debug|x64.Build.0 = Debug|Any CPU
		{991794FC-63EA-4485-8257-742953DA9C5F}.Debug|x86.ActiveCfg = Debug|Any CPU
		{991794FC-63EA-4485-8257-742953DA9C5F}.Debug|x86.Build.0 = Debug|Any CPU
		{991794FC-63EA-4485-8257-742953DA9C5F}.Release|Any CPU.ActiveCfg = Release|Any CPU
		{991794FC-63EA-4485-8257-742953DA9C5F}.Release|Any CPU.Build.0 = Release|Any CPU
		{991794FC-63EA-4485-8257-742953DA9C5F}.Release|x64.ActiveCfg = Release|Any CPU
		{991794FC-63EA-4485-8257-742953DA9C5F}.Release|x64.Build.0 = Release|Any CPU
		{991794FC-63EA-4485-8257-742953DA9C5F}.Release|x86.ActiveCfg = Release|Any CPU
		{991794FC-63EA-4485-8257-742953DA9C5F}.Release|x86.Build.0 = Release|Any CPU
		{9F611A8C-6F92-44C0-B87C-1C57EE4D69E3}.Debug|Any CPU.ActiveCfg = Debug|Any CPU
		{9F611A8C-6F92-44C0-B87C-1C57EE4D69E3}.Debug|Any CPU.Build.0 = Debug|Any CPU
		{9F611A8C-6F92-44C0-B87C-1C57EE4D69E3}.Debug|x64.ActiveCfg = Debug|Any CPU
		{9F611A8C-6F92-44C0-B87C-1C57EE4D69E3}.Debug|x64.Build.0 = Debug|Any CPU
		{9F611A8C-6F92-44C0-B87C-1C57EE4D69E3}.Debug|x86.ActiveCfg = Debug|Any CPU
		{9F611A8C-6F92-44C0-B87C-1C57EE4D69E3}.Debug|x86.Build.0 = Debug|Any CPU
		{9F611A8C-6F92-44C0-B87C-1C57EE4D69E3}.Release|Any CPU.ActiveCfg = Release|Any CPU
		{9F611A8C-6F92-44C0-B87C-1C57EE4D69E3}.Release|Any CPU.Build.0 = Release|Any CPU
		{9F611A8C-6F92-44C0-B87C-1C57EE4D69E3}.Release|x64.ActiveCfg = Release|Any CPU
		{9F611A8C-6F92-44C0-B87C-1C57EE4D69E3}.Release|x64.Build.0 = Release|Any CPU
		{9F611A8C-6F92-44C0-B87C-1C57EE4D69E3}.Release|x86.ActiveCfg = Release|Any CPU
		{9F611A8C-6F92-44C0-B87C-1C57EE4D69E3}.Release|x86.Build.0 = Release|Any CPU
	EndGlobalSection
	GlobalSection(SolutionProperties) = preSolution
		HideSolutionNode = FALSE
	EndGlobalSection
	GlobalSection(NestedProjects) = preSolution
		{C55E5D78-F0E8-467F-BBD0-030C653CB5F6} = {827E0CD3-B72D-47B6-A68D-7590B98EB39B}
		{C64914C2-1F24-4438-85E7-43BFC04F762D} = {827E0CD3-B72D-47B6-A68D-7590B98EB39B}
		{4EB31F4D-8B8B-4E5A-AF60-F8342E8BE71F} = {827E0CD3-B72D-47B6-A68D-7590B98EB39B}
		{991794FC-63EA-4485-8257-742953DA9C5F} = {827E0CD3-B72D-47B6-A68D-7590B98EB39B}
		{9F611A8C-6F92-44C0-B87C-1C57EE4D69E3} = {827E0CD3-B72D-47B6-A68D-7590B98EB39B}
	EndGlobalSection
EndGlobal
